{
  "pins" : [
    {
      "identity" : "randomgenerator",
      "kind" : "remoteSourceControl",
      "location" : "https://github.com/GuernikaCore/RandomGenerator.git",
      "state" : {
        "revision" : "7c91e2f454ecc753075a526cf5ffc34d3c4a10c5",
        "version" : "1.0.0"
      }
    },
    {
      "identity" : "schedulers",
      "kind" : "remoteSourceControl",
      "location" : "https://github.com/GuernikaCore/Schedulers.git",
      "state" : {
        "revision" : "1f517514d679e38bb9915c3a74bf04f75d5b5875",
        "version" : "1.4.0"
      }
    }
  ],
  "version" : 2
}
